
Microsoft Visual Studio Solution File, Format Version 12.00
# Visual Studio Version 16
VisualStudioVersion = 25.0.1706.0
MinimumVisualStudioVersion = 10.0.40219.1
Project("{FAE04EC0-301F-11D3-BF4B-00C04F79EFBC}") = "csDemo", "csDemo.csproj", "{908AE4F7-E8D1-4DA1-B229-7C43F61F7A9F}"
EndProject
Global
	GlobalSection(SolutionConfigurationPlatforms) = preSolution
		Debug|Any CPU = Debug|Any CPU
		Release|Any CPU = Release|Any CPU
	EndGlobalSection
	GlobalSection(ProjectConfigurationPlatforms) = postSolution
		{908AE4F7-E8D1-4DA1-B229-7C43F61F7A9F}.Debug|Any CPU.ActiveCfg = Debug|Any CPU
		{908AE4F7-E8D1-4DA1-B229-7C43F61F7A9F}.Debug|Any CPU.Build.0 = Debug|Any CPU
		{908AE4F7-E8D1-4DA1-B229-7C43F61F7A9F}.Release|Any CPU.ActiveCfg = Release|Any CPU
		{908AE4F7-E8D1-4DA1-B229-7C43F61F7A9F}.Release|Any CPU.Build.0 = Release|Any CPU
	EndGlobalSection
	GlobalSection(SolutionProperties) = preSolution
		HideSolutionNode = FALSE
	EndGlobalSection
	GlobalSection(ExtensibilityGlobals) = postSolution
		SolutionGuid = {EB6EAD16-7664-493E-971C-A8B98F907E0B}
	EndGlobalSection
EndGlobal
